
Microsoft Visual Studio Solution File, Format Version 12.00
# Visual Studio 15
VisualStudioVersion = 15.0.28307.329
MinimumVisualStudioVersion = 10.0.40219.1
Project("{FAE04EC0-301F-11D3-BF4B-00C04F79EFBC}") = "CreditCardApplication", "CreditCardApplication\CreditCardApplication.csproj", "{CEE251A1-5DA8-44D5-98B4-EDDC14088755}"
EndProject
Project("{FAE04EC0-301F-11D3-BF4B-00C04F79EFBC}") = "CreditCardApplication.Tests", "CreditCardApplication.Tests\CreditCardApplication.Tests.csproj", "{EE4F497E-AE90-407A-8080-ABEC4BE65F15}"
EndProject
Global
	GlobalSection(SolutionConfigurationPlatforms) = preSolution
		Debug|Any CPU = Debug|Any CPU
		Release|Any CPU = Release|Any CPU
	EndGlobalSection
	GlobalSection(ProjectConfigurationPlatforms) = postSolution
		{CEE251A1-5DA8-44D5-98B4-EDDC14088755}.Debug|Any CPU.ActiveCfg = Debug|Any CPU
		{CEE251A1-5DA8-44D5-98B4-EDDC14088755}.Debug|Any CPU.Build.0 = Debug|Any CPU
		{CEE251A1-5DA8-44D5-98B4-EDDC14088755}.Release|Any CPU.ActiveCfg = Release|Any CPU
		{CEE251A1-5DA8-44D5-98B4-EDDC14088755}.Release|Any CPU.Build.0 = Release|Any CPU
		{EE4F497E-AE90-407A-8080-ABEC4BE65F15}.Debug|Any CPU.ActiveCfg = Debug|Any CPU
		{EE4F497E-AE90-407A-8080-ABEC4BE65F15}.Debug|Any CPU.Build.0 = Debug|Any CPU
		{EE4F497E-AE90-407A-8080-ABEC4BE65F15}.Release|Any CPU.ActiveCfg = Release|Any CPU
		{EE4F497E-AE90-407A-8080-ABEC4BE65F15}.Release|Any CPU.Build.0 = Release|Any CPU
	EndGlobalSection
	GlobalSection(SolutionProperties) = preSolution
		HideSolutionNode = FALSE
	EndGlobalSection
	GlobalSection(ExtensibilityGlobals) = postSolution
		SolutionGuid = {03EC5132-EA67-4DB3-8574-A33C2715639D}
	EndGlobalSection
EndGlobal
